
Microsoft Visual Studio Solution File, Format Version 12.00
# Visual Studio 15
VisualStudioVersion = 15.0.27703.2026
MinimumVisualStudioVersion = 10.0.40219.1
Project("{FAE04EC0-301F-11D3-BF4B-00C04F79EFBC}") = "CreateWwiseObject", "CreateWwiseObject.csproj", "{5F38EAA5-D3AE-476F-A922-E3672FEAADFC}"
EndProject
Global
	GlobalSection(SolutionConfigurationPlatforms) = preSolution
		Debug|Any CPU = Debug|Any CPU
		Release|Any CPU = Release|Any CPU
	EndGlobalSection
	GlobalSection(ProjectConfigurationPlatforms) = postSolution
		{5F38EAA5-D3AE-476F-A922-E3672FEAADFC}.Debug|Any CPU.ActiveCfg = Debug|Any CPU
		{5F38EAA5-D3AE-476F-A922-E3672FEAADFC}.Debug|Any CPU.Build.0 = Debug|Any CPU
		{5F38EAA5-D3AE-476F-A922-E3672FEAADFC}.Release|Any CPU.ActiveCfg = Release|Any CPU
		{5F38EAA5-D3AE-476F-A922-E3672FEAADFC}.Release|Any CPU.Build.0 = Release|Any CPU
	EndGlobalSection
	GlobalSection(SolutionProperties) = preSolution
		HideSolutionNode = FALSE
	EndGlobalSection
	GlobalSection(ExtensibilityGlobals) = postSolution
		SolutionGuid = {37DD1372-319A-4B2B-A988-91DC3ED5DF13}
	EndGlobalSection
EndGlobal
